# THIS IS AN AUTOGENERATED FILE. DO NOT EDIT THIS FILE DIRECTLY.
# yarn lockfile v1


changelog-parser@^2.8.0:
  version "2.8.0"
  resolved "https://registry.npmjs.org/changelog-parser/-/changelog-parser-2.8.0.tgz#c14293e3e8fab797913c722de965480198650108"
  integrity sha512-ZtSwN0hY7t+WpvaXqqXz98RHCNhWX9HsvCRAv1aBLlqJ7BpKtqdM6Nu6JOiUhRAWR7Gov0aN0fUnmflTz0WgZg==
  dependencies:
    line-reader "^0.2.4"
    remove-markdown "^0.2.2"

line-reader@^0.2.4:
  version "0.2.4"
  resolved "https://registry.npmjs.org/line-reader/-/line-reader-0.2.4.tgz#c4392b587dea38580c9678570e6e8e49fce52622"
  integrity sha1-xDkrWH3qOFgMlnhXDm6OSfzlJiI=

remove-markdown@^0.2.2:
  version "0.2.2"
  resolved "https://registry.npmjs.org/remove-markdown/-/remove-markdown-0.2.2.tgz#66b0ceeba9fb77ca9636bb1b0307ce21a32a12a6"
  integrity sha1-ZrDO66n7d8qWNrsbAwfOIaMqEqY=
